
Microsoft Visual Studio Solution File, Format Version 12.00
# Visual Studio Version 17
VisualStudioVersion = 17.0.31717.71
MinimumVisualStudioVersion = 10.0.40219.1
Project("{9A19103F-16F7-4668-BE54-9A1E7A4F7556}") = "jsonBlog", "jsonBlog.csproj", "{F82A929C-110C-4326-8F56-64A0C83F27D3}"
EndProject
Global
	GlobalSection(SolutionConfigurationPlatforms) = preSolution
		Debug|Any CPU = Debug|Any CPU
		Release|Any CPU = Release|Any CPU
	EndGlobalSection
	GlobalSection(ProjectConfigurationPlatforms) = postSolution
		{F82A929C-110C-4326-8F56-64A0C83F27D3}.Debug|Any CPU.ActiveCfg = Debug|Any CPU
		{F82A929C-110C-4326-8F56-64A0C83F27D3}.Debug|Any CPU.Build.0 = Debug|Any CPU
		{F82A929C-110C-4326-8F56-64A0C83F27D3}.Release|Any CPU.ActiveCfg = Release|Any CPU
		{F82A929C-110C-4326-8F56-64A0C83F27D3}.Release|Any CPU.Build.0 = Release|Any CPU
	EndGlobalSection
	GlobalSection(SolutionProperties) = preSolution
		HideSolutionNode = FALSE
	EndGlobalSection
	GlobalSection(ExtensibilityGlobals) = postSolution
		SolutionGuid = {4A6F6B56-84B1-4A20-8786-FC5772AA09B2}
	EndGlobalSection
EndGlobal
